{
	"name": "mitm",
	"version": "1.7.2",
	"lockfileVersion": 1,
	"requires": true,
	"dependencies": {
		"available-typed-arrays": {
			"version": "1.0.4",
			"resolved": "https://registry.npmjs.org/available-typed-arrays/-/available-typed-arrays-1.0.4.tgz",
			"integrity": "sha512-SA5mXJWrId1TaQjfxUYghbqQ/hYioKmLJvPJyDuYRtXXenFNMjj4hSSt1Cf1xsuXSXrtxrVC5Ot4eU6cOtBDdA==",
			"dev": true
		},
		"call-bind": {
			"version": "1.0.2",
			"resolved": "https://registry.npmjs.org/call-bind/-/call-bind-1.0.2.tgz",
			"integrity": "sha512-7O+FbCihrB5WGbFYesctwmTKae6rOiIzmz1icreWJ+0aA7LJfuqhEso2T9ncpcFtzMQtzXf2QGGueWJGTYsqrA==",
			"dev": true,
			"requires": {
				"function-bind": "^1.1.1",
				"get-intrinsic": "^1.0.2"
			}
		},
		"commander": {
			"version": "2.3.0",
			"resolved": "https://registry.npmjs.org/commander/-/commander-2.3.0.tgz",
			"integrity": "sha1-/UMOiJgy7DU7ms0d4hfBHLPu+HM=",
			"dev": true
		},
		"debug": {
			"version": "2.2.0",
			"resolved": "https://registry.npmjs.org/debug/-/debug-2.2.0.tgz",
			"integrity": "sha1-+HBX6ZWxofauaklgZkE3vFbwOdo=",
			"dev": true,
			"requires": {
				"ms": "0.7.1"
			}
		},
		"define-properties": {
			"version": "1.1.3",
			"resolved": "https://registry.npmjs.org/define-properties/-/define-properties-1.1.3.tgz",
			"integrity": "sha512-3MqfYKj2lLzdMSf8ZIZE/V+Zuy+BgD6f164e8K2w7dgnpKArBDerGYpM46IYYcjnkdPNMjPk9A6VFB8+3SKlXQ==",
			"dev": true,
			"requires": {
				"object-keys": "^1.0.12"
			}
		},
		"diff": {
			"version": "1.4.0",
			"resolved": "https://registry.npmjs.org/diff/-/diff-1.4.0.tgz",
			"integrity": "sha1-fyjS657nsVqX79ic5j3P2qPMur8=",
			"dev": true
		},
		"egal": {
			"version": "1.3.0",
			"resolved": "https://registry.npmjs.org/egal/-/egal-1.3.0.tgz",
			"integrity": "sha1-IKGc+oDOlzP4QTY10AQmQfQpGHs=",
			"dev": true,
			"requires": {
				"kindof": ">= 2.0.0 < 3"
			}
		},
		"es-abstract": {
			"version": "1.18.4",
			"resolved": "https://registry.npmjs.org/es-abstract/-/es-abstract-1.18.4.tgz",
			"integrity": "sha512-xjDAPJRxKc1uoTkdW8MEk7Fq/2bzz3YoCADYniDV7+KITCUdu9c90fj1aKI7nEZFZxRrHlDo3wtma/C6QkhlXQ==",
			"dev": true,
			"requires": {
				"call-bind": "^1.0.2",
				"es-to-primitive": "^1.2.1",
				"function-bind": "^1.1.1",
				"get-intrinsic": "^1.1.1",
				"has": "^1.0.3",
				"has-symbols": "^1.0.2",
				"internal-slot": "^1.0.3",
				"is-callable": "^1.2.3",
				"is-negative-zero": "^2.0.1",
				"is-regex": "^1.1.3",
				"is-string": "^1.0.6",
				"object-inspect": "^1.11.0",
				"object-keys": "^1.1.1",
				"object.assign": "^4.1.2",
				"string.prototype.trimend": "^1.0.4",
				"string.prototype.trimstart": "^1.0.4",
				"unbox-primitive": "^1.0.1"
			}
		},
		"es-to-primitive": {
			"version": "1.2.1",
			"resolved": "https://registry.npmjs.org/es-to-primitive/-/es-to-primitive-1.2.1.tgz",
			"integrity": "sha512-QCOllgZJtaUo9miYBcLChTUaHNjJF3PYs1VidD7AwiEj1kYxKeQTctLAezAOH5ZKRH0g2IgPn6KwB4IT8iRpvA==",
			"dev": true,
			"requires": {
				"is-callable": "^1.1.4",
				"is-date-object": "^1.0.1",
				"is-symbol": "^1.0.2"
			}
		},
		"escape-string-regexp": {
			"version": "1.0.2",
			"resolved": "https://registry.npmjs.org/escape-string-regexp/-/escape-string-regexp-1.0.2.tgz",
			"integrity": "sha1-Tbwv5nTnGUnK8/smlc5/LcHZqNE=",
			"dev": true
		},
		"foreach": {
			"version": "2.0.5",
			"resolved": "https://registry.npmjs.org/foreach/-/foreach-2.0.5.tgz",
			"integrity": "sha1-C+4AUBiusmDQo6865ljdATbsG5k=",
			"dev": true
		},
		"formatio": {
			"version": "1.1.1",
			"resolved": "https://registry.npmjs.org/formatio/-/formatio-1.1.1.tgz",
			"integrity": "sha1-XtPM1jZVEJc4NGXZlhmRAOhhYek=",
			"dev": true,
			"requires": {
				"samsam": "~1.1"
			}
		},
		"function-bind": {
			"version": "1.1.1",
			"resolved": "https://registry.npmjs.org/function-bind/-/function-bind-1.1.1.tgz",
			"integrity": "sha512-yIovAzMX49sF8Yl58fSCWJ5svSLuaibPxXQJFLmBObTuCr0Mf1KiPopGM9NiFjiYBCbfaa2Fh6breQ6ANVTI0A==",
			"dev": true
		},
		"get-intrinsic": {
			"version": "1.1.1",
			"resolved": "https://registry.npmjs.org/get-intrinsic/-/get-intrinsic-1.1.1.tgz",
			"integrity": "sha512-kWZrnVM42QCiEA2Ig1bG8zjoIMOgxWwYCEeNdwY6Tv/cOSeGpcoX4pXHfKUxNKVoArnrEr2e9srnAxxGIraS9Q==",
			"dev": true,
			"requires": {
				"function-bind": "^1.1.1",
				"has": "^1.0.3",
				"has-symbols": "^1.0.1"
			}
		},
		"glob": {
			"version": "3.2.11",
			"resolved": "https://registry.npmjs.org/glob/-/glob-3.2.11.tgz",
			"integrity": "sha1-Spc/Y1uRkPcV0QmH1cAP0oFevj0=",
			"dev": true,
			"requires": {
				"inherits": "2",
				"minimatch": "0.3"
			}
		},
		"growl": {
			"version": "1.9.2",
			"resolved": "https://registry.npmjs.org/growl/-/growl-1.9.2.tgz",
			"integrity": "sha1-Dqd0NxXbjY3ixe3hd14bRayFwC8=",
			"dev": true
		},
		"has": {
			"version": "1.0.3",
			"resolved": "https://registry.npmjs.org/has/-/has-1.0.3.tgz",
			"integrity": "sha512-f2dvO0VU6Oej7RkWJGrehjbzMAjFp5/VKPp5tTpWIV4JHHZK1/BxbFRtf/siA2SWTe09caDmVtYYzWEIbBS4zw==",
			"dev": true,
			"requires": {
				"function-bind": "^1.1.1"
			}
		},
		"has-bigints": {
			"version": "1.0.1",
			"resolved": "https://registry.npmjs.org/has-bigints/-/has-bigints-1.0.1.tgz",
			"integrity": "sha512-LSBS2LjbNBTf6287JEbEzvJgftkF5qFkmCo9hDRpAzKhUOlJ+hx8dd4USs00SgsUNwc4617J9ki5YtEClM2ffA==",
			"dev": true
		},
		"has-symbols": {
			"version": "1.0.2",
			"resolved": "https://registry.npmjs.org/has-symbols/-/has-symbols-1.0.2.tgz",
			"integrity": "sha512-chXa79rL/UC2KlX17jo3vRGz0azaWEx5tGqZg5pO3NUyEJVB17dMruQlzCCOfUvElghKcm5194+BCRvi2Rv/Gw==",
			"dev": true
		},
		"inherits": {
			"version": "2.0.4",
			"resolved": "https://registry.npmjs.org/inherits/-/inherits-2.0.4.tgz",
			"integrity": "sha512-k/vGaX4/Yla3WzyMCvTQOXYeIHvqOKtnqBduzTHpzpQZzAskKMhZ2K+EnBiSM9zGSoIFeMpXKxa4dYeZIQqewQ==",
			"dev": true
		},
		"internal-slot": {
			"version": "1.0.3",
			"resolved": "https://registry.npmjs.org/internal-slot/-/internal-slot-1.0.3.tgz",
			"integrity": "sha512-O0DB1JC/sPyZl7cIo78n5dR7eUSwwpYPiXRhTzNxZVAMUuB8vlnRFyLxdrVToks6XPLVnFfbzaVd5WLjhgg+vA==",
			"dev": true,
			"requires": {
				"get-intrinsic": "^1.1.0",
				"has": "^1.0.3",
				"side-channel": "^1.0.4"
			}
		},
		"is-arguments": {
			"version": "1.1.0",
			"resolved": "https://registry.npmjs.org/is-arguments/-/is-arguments-1.1.0.tgz",
			"integrity": "sha512-1Ij4lOMPl/xB5kBDn7I+b2ttPMKa8szhEIrXDuXQD/oe3HJLTLhqhgGspwgyGd6MOywBUqVvYicF72lkgDnIHg==",
			"dev": true,
			"requires": {
				"call-bind": "^1.0.0"
			}
		},
		"is-bigint": {
			"version": "1.0.2",
			"resolved": "https://registry.npmjs.org/is-bigint/-/is-bigint-1.0.2.tgz",
			"integrity": "sha512-0JV5+SOCQkIdzjBK9buARcV804Ddu7A0Qet6sHi3FimE9ne6m4BGQZfRn+NZiXbBk4F4XmHfDZIipLj9pX8dSA==",
			"dev": true
		},
		"is-boolean-object": {
			"version": "1.1.1",
			"resolved": "https://registry.npmjs.org/is-boolean-object/-/is-boolean-object-1.1.1.tgz",
			"integrity": "sha512-bXdQWkECBUIAcCkeH1unwJLIpZYaa5VvuygSyS/c2lf719mTKZDU5UdDRlpd01UjADgmW8RfqaP+mRaVPdr/Ng==",
			"dev": true,
			"requires": {
				"call-bind": "^1.0.2"
			}
		},
		"is-callable": {
			"version": "1.2.3",
			"resolved": "https://registry.npmjs.org/is-callable/-/is-callable-1.2.3.tgz",
			"integrity": "sha512-J1DcMe8UYTBSrKezuIUTUwjXsho29693unXM2YhJUTR2txK/eG47bvNa/wipPFmZFgr/N6f1GA66dv0mEyTIyQ==",
			"dev": true
		},
		"is-date-object": {
			"version": "1.0.4",
			"resolved": "https://registry.npmjs.org/is-date-object/-/is-date-object-1.0.4.tgz",
			"integrity": "sha512-/b4ZVsG7Z5XVtIxs/h9W8nvfLgSAyKYdtGWQLbqy6jA1icmgjf8WCoTKgeS4wy5tYaPePouzFMANbnj94c2Z+A==",
			"dev": true
		},
		"is-generator-function": {
			"version": "1.0.9",
			"resolved": "https://registry.npmjs.org/is-generator-function/-/is-generator-function-1.0.9.tgz",
			"integrity": "sha512-ZJ34p1uvIfptHCN7sFTjGibB9/oBg17sHqzDLfuwhvmN/qLVvIQXRQ8licZQ35WJ8KuEQt/etnnzQFI9C9Ue/A==",
			"dev": true
		},
		"is-negative-zero": {
			"version": "2.0.1",
			"resolved": "https://registry.npmjs.org/is-negative-zero/-/is-negative-zero-2.0.1.tgz",
			"integrity": "sha512-2z6JzQvZRa9A2Y7xC6dQQm4FSTSTNWjKIYYTt4246eMTJmIo0Q+ZyOsU66X8lxK1AbB92dFeglPLrhwpeRKO6w==",
			"dev": true
		},
		"is-number-object": {
			"version": "1.0.5",
			"resolved": "https://registry.npmjs.org/is-number-object/-/is-number-object-1.0.5.tgz",
			"integrity": "sha512-RU0lI/n95pMoUKu9v1BZP5MBcZuNSVJkMkAG2dJqC4z2GlkGUNeH68SuHuBKBD/XFe+LHZ+f9BKkLET60Niedw==",
			"dev": true
		},
		"is-regex": {
			"version": "1.1.3",
			"resolved": "https://registry.npmjs.org/is-regex/-/is-regex-1.1.3.tgz",
			"integrity": "sha512-qSVXFz28HM7y+IWX6vLCsexdlvzT1PJNFSBuaQLQ5o0IEw8UDYW6/2+eCMVyIsbM8CNLX2a/QWmSpyxYEHY7CQ==",
			"dev": true,
			"requires": {
				"call-bind": "^1.0.2",
				"has-symbols": "^1.0.2"
			}
		},
		"is-string": {
			"version": "1.0.6",
			"resolved": "https://registry.npmjs.org/is-string/-/is-string-1.0.6.tgz",
			"integrity": "sha512-2gdzbKUuqtQ3lYNrUTQYoClPhm7oQu4UdpSZMp1/DGgkHBT8E2Z1l0yMdb6D4zNAxwDiMv8MdulKROJGNl0Q0w==",
			"dev": true
		},
		"is-symbol": {
			"version": "1.0.4",
			"resolved": "https://registry.npmjs.org/is-symbol/-/is-symbol-1.0.4.tgz",
			"integrity": "sha512-C/CPBqKWnvdcxqIARxyOh4v1UUEOCHpgDa0WYgpKDFMszcrPcffg5uhwSgPCLD2WWxmq6isisz87tzT01tuGhg==",
			"dev": true,
			"requires": {
				"has-symbols": "^1.0.2"
			}
		},
		"is-typed-array": {
			"version": "1.1.5",
			"resolved": "https://registry.npmjs.org/is-typed-array/-/is-typed-array-1.1.5.tgz",
			"integrity": "sha512-S+GRDgJlR3PyEbsX/Fobd9cqpZBuvUS+8asRqYDMLCb2qMzt1oz5m5oxQCxOgUDxiWsOVNi4yaF+/uvdlHlYug==",
			"dev": true,
			"requires": {
				"available-typed-arrays": "^1.0.2",
				"call-bind": "^1.0.2",
				"es-abstract": "^1.18.0-next.2",
				"foreach": "^2.0.5",
				"has-symbols": "^1.0.1"
			}
		},
		"jade": {
			"version": "0.26.3",
			"resolved": "https://registry.npmjs.org/jade/-/jade-0.26.3.tgz",
			"integrity": "sha1-jxDXl32NefL2/4YqgbBRPMslaGw=",
			"dev": true,
			"requires": {
				"commander": "0.6.1",
				"mkdirp": "0.3.0"
			},
			"dependencies": {
				"commander": {
					"version": "0.6.1",
					"resolved": "https://registry.npmjs.org/commander/-/commander-0.6.1.tgz",
					"integrity": "sha1-+mihT2qUXVTbvlDYzbMyDp47GgY=",
					"dev": true
				},
				"mkdirp": {
					"version": "0.3.0",
					"resolved": "https://registry.npmjs.org/mkdirp/-/mkdirp-0.3.0.tgz",
					"integrity": "sha1-G79asbqCevI1dRQ0kEJkVfSB/h4=",
					"dev": true
				}
			}
		},
		"json-stringify-safe": {
			"version": "5.0.1",
			"resolved": "https://registry.npmjs.org/json-stringify-safe/-/json-stringify-safe-5.0.1.tgz",
			"integrity": "sha1-Epai1Y/UXxmg9s4B1lcB4sc1tus=",
			"dev": true
		},
		"kindof": {
			"version": "2.0.0",
			"resolved": "https://registry.npmjs.org/kindof/-/kindof-2.0.0.tgz",
			"integrity": "sha1-wzW69gOnfMN/i0Brc7ZGP9vfGr4=",
			"dev": true
		},
		"lodash._createwrapper": {
			"version": "3.2.0",
			"resolved": "https://registry.npmjs.org/lodash._createwrapper/-/lodash._createwrapper-3.2.0.tgz",
			"integrity": "sha1-30U+ZkFjIXuJWkVAZa8cR6DqPE0=",
			"dev": true,
			"requires": {
				"lodash._root": "^3.0.0"
			}
		},
		"lodash._root": {
			"version": "3.0.1",
			"resolved": "https://registry.npmjs.org/lodash._root/-/lodash._root-3.0.1.tgz",
			"integrity": "sha1-+6HEUkwZ7ppfgTa0YJ8BfPTe1pI=",
			"dev": true
		},
		"lodash.wrap": {
			"version": "3.0.1",
			"resolved": "https://registry.npmjs.org/lodash.wrap/-/lodash.wrap-3.0.1.tgz",
			"integrity": "sha1-P82L74Z7LsjCG6xjjYFhgFk/cas=",
			"dev": true,
			"requires": {
				"lodash._createwrapper": "^3.0.0"
			}
		},
		"lolex": {
			"version": "1.3.2",
			"resolved": "https://registry.npmjs.org/lolex/-/lolex-1.3.2.tgz",
			"integrity": "sha1-fD2mL/yzDw9agKJWbKJORdigHzE=",
			"dev": true
		},
		"lru-cache": {
			"version": "2.7.3",
			"resolved": "https://registry.npmjs.org/lru-cache/-/lru-cache-2.7.3.tgz",
			"integrity": "sha1-bUUk6LlV+V1PW1iFHOId1y+06VI=",
			"dev": true
		},
		"minimatch": {
			"version": "0.3.0",
			"resolved": "https://registry.npmjs.org/minimatch/-/minimatch-0.3.0.tgz",
			"integrity": "sha1-J12O2qxPG7MyZHIInnlJyDlGmd0=",
			"dev": true,
			"requires": {
				"lru-cache": "2",
				"sigmund": "~1.0.0"
			}
		},
		"minimist": {
			"version": "0.0.8",
			"resolved": "https://registry.npmjs.org/minimist/-/minimist-0.0.8.tgz",
			"integrity": "sha1-hX/Kv8M5fSYluCKCYuhqp6ARsF0=",
			"dev": true
		},
		"mkdirp": {
			"version": "0.5.1",
			"resolved": "https://registry.npmjs.org/mkdirp/-/mkdirp-0.5.1.tgz",
			"integrity": "sha1-MAV0OOrGz3+MR2fzhkjWaX11yQM=",
			"dev": true,
			"requires": {
				"minimist": "0.0.8"
			}
		},
		"mocha": {
			"version": "2.5.3",
			"resolved": "https://registry.npmjs.org/mocha/-/mocha-2.5.3.tgz",
			"integrity": "sha1-FhvlvetJZ3HrmzV0UFC2IrWu/Fg=",
			"dev": true,
			"requires": {
				"commander": "2.3.0",
				"debug": "2.2.0",
				"diff": "1.4.0",
				"escape-string-regexp": "1.0.2",
				"glob": "3.2.11",
				"growl": "1.9.2",
				"jade": "0.26.3",
				"mkdirp": "0.5.1",
				"supports-color": "1.2.0",
				"to-iso-string": "0.0.2"
			}
		},
		"ms": {
			"version": "0.7.1",
			"resolved": "https://registry.npmjs.org/ms/-/ms-0.7.1.tgz",
			"integrity": "sha1-nNE8A62/8ltl7/3nzoZO6VIBcJg=",
			"dev": true
		},
		"must": {
			"version": "0.13.4",
			"resolved": "https://registry.npmjs.org/must/-/must-0.13.4.tgz",
			"integrity": "sha1-nROJ9FjolLKqBAMr/rekBxT3gXE=",
			"dev": true,
			"requires": {
				"egal": ">= 1.3.0 < 2",
				"json-stringify-safe": ">= 5 < 6",
				"kindof": ">= 2.0.0 < 3",
				"lodash.wrap": ">= 3 < 4",
				"oolong": ">= 1.11.0 < 2"
			}
		},
		"object-inspect": {
			"version": "1.11.0",
			"resolved": "https://registry.npmjs.org/object-inspect/-/object-inspect-1.11.0.tgz",
			"integrity": "sha512-jp7ikS6Sd3GxQfZJPyH3cjcbJF6GZPClgdV+EFygjFLQ5FmW/dRUnTd9PQ9k0JhoNDabWFbpF1yCdSWCC6gexg==",
			"dev": true
		},
		"object-keys": {
			"version": "1.1.1",
			"resolved": "https://registry.npmjs.org/object-keys/-/object-keys-1.1.1.tgz",
			"integrity": "sha512-NuAESUOUMrlIXOfHKzD6bpPu3tYt3xvjNdRIQ+FeT0lNb4K8WR70CaDxhuNguS2XG+GjkyMwOzsN5ZktImfhLA==",
			"dev": true
		},
		"object.assign": {
			"version": "4.1.2",
			"resolved": "https://registry.npmjs.org/object.assign/-/object.assign-4.1.2.tgz",
			"integrity": "sha512-ixT2L5THXsApyiUPYKmW+2EHpXXe5Ii3M+f4e+aJFAHao5amFRW6J0OO6c/LU8Be47utCx2GL89hxGB6XSmKuQ==",
			"dev": true,
			"requires": {
				"call-bind": "^1.0.0",
				"define-properties": "^1.1.3",
				"has-symbols": "^1.0.1",
				"object-keys": "^1.1.1"
			}
		},
		"oolong": {
			"version": "1.15.1",
			"resolved": "https://registry.npmjs.org/oolong/-/oolong-1.15.1.tgz",
			"integrity": "sha1-kLrJ585S9gkGqyIo2eKxFfEIbOo=",
			"dev": true
		},
		"safe-buffer": {
			"version": "5.2.1",
			"resolved": "https://registry.npmjs.org/safe-buffer/-/safe-buffer-5.2.1.tgz",
			"integrity": "sha512-rp3So07KcdmmKbGvgaNxQSJr7bGVSVk5S9Eq1F+ppbRo70+YeaDxkw5Dd8NPN+GD6bjnYm2VuPuCXmpuYvmCXQ==",
			"dev": true
		},
		"samsam": {
			"version": "1.1.2",
			"resolved": "https://registry.npmjs.org/samsam/-/samsam-1.1.2.tgz",
			"integrity": "sha1-vsEf3IOp/aBjQBIQ5AF2wwJNFWc=",
			"dev": true
		},
		"semver": {
			"version": "5.7.1",
			"resolved": "https://registry.npmjs.org/semver/-/semver-5.7.1.tgz",
			"integrity": "sha512-sauaDf/PZdVgrLTNYHRtpXa1iRiKcaebiKQ1BJdpQlWH2lCvexQdX55snPFyK7QzpudqbCI0qXFfOasHdyNDGQ=="
		},
		"side-channel": {
			"version": "1.0.4",
			"resolved": "https://registry.npmjs.org/side-channel/-/side-channel-1.0.4.tgz",
			"integrity": "sha512-q5XPytqFEIKHkGdiMIrY10mvLRvnQh42/+GoBlFW3b2LXLE2xxJpZFdm94we0BaoV3RwJyGqg5wS7epxTv0Zvw==",
			"dev": true,
			"requires": {
				"call-bind": "^1.0.0",
				"get-intrinsic": "^1.0.2",
				"object-inspect": "^1.9.0"
			}
		},
		"sigmund": {
			"version": "1.0.1",
			"resolved": "https://registry.npmjs.org/sigmund/-/sigmund-1.0.1.tgz",
			"integrity": "sha1-P/IfGYytIXX587eBhT/ZTQ0ZtZA=",
			"dev": true
		},
		"sinon": {
			"version": "1.17.7",
			"resolved": "https://registry.npmjs.org/sinon/-/sinon-1.17.7.tgz",
			"integrity": "sha1-RUKk9JugxFwF6y6d2dID4rjv4L8=",
			"dev": true,
			"requires": {
				"formatio": "1.1.1",
				"lolex": "1.3.2",
				"samsam": "1.1.2",
				"util": ">=0.10.3 <1"
			}
		},
		"string.prototype.trimend": {
			"version": "1.0.4",
			"resolved": "https://registry.npmjs.org/string.prototype.trimend/-/string.prototype.trimend-1.0.4.tgz",
			"integrity": "sha512-y9xCjw1P23Awk8EvTpcyL2NIr1j7wJ39f+k6lvRnSMz+mz9CGz9NYPelDk42kOz6+ql8xjfK8oYzy3jAP5QU5A==",
			"dev": true,
			"requires": {
				"call-bind": "^1.0.2",
				"define-properties": "^1.1.3"
			}
		},
		"string.prototype.trimstart": {
			"version": "1.0.4",
			"resolved": "https://registry.npmjs.org/string.prototype.trimstart/-/string.prototype.trimstart-1.0.4.tgz",
			"integrity": "sha512-jh6e984OBfvxS50tdY2nRZnoC5/mLFKOREQfw8t5yytkoUsJRNxvI/E39qu1sD0OtWI3OC0XgKSmcWwziwYuZw==",
			"dev": true,
			"requires": {
				"call-bind": "^1.0.2",
				"define-properties": "^1.1.3"
			}
		},
		"supports-color": {
			"version": "1.2.0",
			"resolved": "https://registry.npmjs.org/supports-color/-/supports-color-1.2.0.tgz",
			"integrity": "sha1-/x7R5hFp0Gs88tWI4YixjYhH4X4=",
			"dev": true
		},
		"to-iso-string": {
			"version": "0.0.2",
			"resolved": "https://registry.npmjs.org/to-iso-string/-/to-iso-string-0.0.2.tgz",
			"integrity": "sha1-TcGeZk38y+Jb2NtQiwDG2hWCVdE=",
			"dev": true
		},
		"unbox-primitive": {
			"version": "1.0.1",
			"resolved": "https://registry.npmjs.org/unbox-primitive/-/unbox-primitive-1.0.1.tgz",
			"integrity": "sha512-tZU/3NqK3dA5gpE1KtyiJUrEB0lxnGkMFHptJ7q6ewdZ8s12QrODwNbhIJStmJkd1QDXa1NRA8aF2A1zk/Ypyw==",
			"dev": true,
			"requires": {
				"function-bind": "^1.1.1",
				"has-bigints": "^1.0.1",
				"has-symbols": "^1.0.2",
				"which-boxed-primitive": "^1.0.2"
			}
		},
		"underscore": {
			"version": "1.13.1",
			"resolved": "https://registry.npmjs.org/underscore/-/underscore-1.13.1.tgz",
			"integrity": "sha512-hzSoAVtJF+3ZtiFX0VgfFPHEDRm7Y/QPjGyNo4TVdnDTdft3tr8hEkD25a1jC+TjTuE7tkHGKkhwCgs9dgBB2g=="
		},
		"util": {
			"version": "0.12.4",
			"resolved": "https://registry.npmjs.org/util/-/util-0.12.4.tgz",
			"integrity": "sha512-bxZ9qtSlGUWSOy9Qa9Xgk11kSslpuZwaxCg4sNIDj6FLucDab2JxnHwyNTCpHMtK1MjoQiWQ6DiUMZYbSrO+Sw==",
			"dev": true,
			"requires": {
				"inherits": "^2.0.3",
				"is-arguments": "^1.0.4",
				"is-generator-function": "^1.0.7",
				"is-typed-array": "^1.1.3",
				"safe-buffer": "^5.1.2",
				"which-typed-array": "^1.1.2"
			}
		},
		"which-boxed-primitive": {
			"version": "1.0.2",
			"resolved": "https://registry.npmjs.org/which-boxed-primitive/-/which-boxed-primitive-1.0.2.tgz",
			"integrity": "sha512-bwZdv0AKLpplFY2KZRX6TvyuN7ojjr7lwkg6ml0roIy9YeuSr7JS372qlNW18UQYzgYK9ziGcerWqZOmEn9VNg==",
			"dev": true,
			"requires": {
				"is-bigint": "^1.0.1",
				"is-boolean-object": "^1.1.0",
				"is-number-object": "^1.0.4",
				"is-string": "^1.0.5",
				"is-symbol": "^1.0.3"
			}
		},
		"which-typed-array": {
			"version": "1.1.4",
			"resolved": "https://registry.npmjs.org/which-typed-array/-/which-typed-array-1.1.4.tgz",
			"integrity": "sha512-49E0SpUe90cjpoc7BOJwyPHRqSAd12c10Qm2amdEZrJPCY2NDxaW01zHITrem+rnETY3dwrbH3UUrUwagfCYDA==",
			"dev": true,
			"requires": {
				"available-typed-arrays": "^1.0.2",
				"call-bind": "^1.0.0",
				"es-abstract": "^1.18.0-next.1",
				"foreach": "^2.0.5",
				"function-bind": "^1.1.1",
				"has-symbols": "^1.0.1",
				"is-typed-array": "^1.1.3"
			}
		}
	}
}
